
Microsoft Visual Studio Solution File, Format Version 12.00
# Visual Studio Version 16
VisualStudioVersion = 16.0.30002.166
MinimumVisualStudioVersion = 10.0.40219.1
Project("{F184B08F-C81C-45F6-A57F-5ABD9991F28F}") = "HRSimulator", "HRSimulator\HRSimulator.vbproj", "{3232B2BE-9A43-4D76-BF3A-2A02C09637B7}"
EndProject
Project("{F184B08F-C81C-45F6-A57F-5ABD9991F28F}") = "Work-LeaveSystem", "Work-LeaveSystem\Work-LeaveSystem.vbproj", "{06B6F56F-F422-444D-8612-B29B7A9CC9E9}"
EndProject
Global
	GlobalSection(SolutionConfigurationPlatforms) = preSolution
		Debug|Any CPU = Debug|Any CPU
		Release|Any CPU = Release|Any CPU
	EndGlobalSection
	GlobalSection(ProjectConfigurationPlatforms) = postSolution
		{3232B2BE-9A43-4D76-BF3A-2A02C09637B7}.Debug|Any CPU.ActiveCfg = Debug|Any CPU
		{3232B2BE-9A43-4D76-BF3A-2A02C09637B7}.Debug|Any CPU.Build.0 = Debug|Any CPU
		{3232B2BE-9A43-4D76-BF3A-2A02C09637B7}.Release|Any CPU.ActiveCfg = Release|Any CPU
		{3232B2BE-9A43-4D76-BF3A-2A02C09637B7}.Release|Any CPU.Build.0 = Release|Any CPU
		{06B6F56F-F422-444D-8612-B29B7A9CC9E9}.Debug|Any CPU.ActiveCfg = Debug|Any CPU
		{06B6F56F-F422-444D-8612-B29B7A9CC9E9}.Debug|Any CPU.Build.0 = Debug|Any CPU
		{06B6F56F-F422-444D-8612-B29B7A9CC9E9}.Release|Any CPU.ActiveCfg = Release|Any CPU
		{06B6F56F-F422-444D-8612-B29B7A9CC9E9}.Release|Any CPU.Build.0 = Release|Any CPU
	EndGlobalSection
	GlobalSection(SolutionProperties) = preSolution
		HideSolutionNode = FALSE
	EndGlobalSection
	GlobalSection(ExtensibilityGlobals) = postSolution
		SolutionGuid = {FBF400DC-6D05-4FE9-A0B8-12768974BE60}
	EndGlobalSection
EndGlobal
